
Microsoft Visual Studio Solution File, Format Version 12.00
# Visual Studio Version 17
VisualStudioVersion = 17.3.32825.248
MinimumVisualStudioVersion = 10.0.40219.1
Project("{9A19103F-16F7-4668-BE54-9A1E7A4F7556}") = "Web", "Web\Web.csproj", "{1798D472-C281-4B5E-A633-1F12986FBFD1}"
EndProject
Project("{2150E333-8FDC-42A3-9474-1A3956D46DE8}") = "DataLibrary", "DataLibrary", "{250182D3-1BCE-4077-93F5-4C12745DA06A}"
EndProject
Project("{9A19103F-16F7-4668-BE54-9A1E7A4F7556}") = "DataLibrary", "DataLibrary\DataLibrary.csproj", "{95FF1CF9-C580-495F-B1F2-B286550B780B}"
EndProject
Project("{2150E333-8FDC-42A3-9474-1A3956D46DE8}") = "Helpers", "Helpers", "{F3BD1545-1FD4-45C0-9ACA-B05631E98F10}"
EndProject
Project("{9A19103F-16F7-4668-BE54-9A1E7A4F7556}") = "Enums", "Enums\Enums.csproj", "{30411E69-97A0-4618-B613-0393E0368CE6}"
EndProject
Project("{9A19103F-16F7-4668-BE54-9A1E7A4F7556}") = "Helpers", "Helpers\Helpers.csproj", "{83DC83D6-7E94-4716-803B-416614BC5F85}"
EndProject
Project("{9A19103F-16F7-4668-BE54-9A1E7A4F7556}") = "Models", "Models\Models.csproj", "{F872D238-2E51-4F5C-9E9B-B72FC28096B0}"
EndProject
Project("{9A19103F-16F7-4668-BE54-9A1E7A4F7556}") = "Models.Common", "Models.Common\Models.Common.csproj", "{B1520121-C2B9-4D44-865A-47991E85C505}"
EndProject
Project("{9A19103F-16F7-4668-BE54-9A1E7A4F7556}") = "ViewModels", "ViewModels\ViewModels.csproj", "{E3ADFA5D-6A1F-49D4-8E35-57E599B6D18C}"
EndProject
Project("{9A19103F-16F7-4668-BE54-9A1E7A4F7556}") = "Pagination", "Pagination\Pagination.csproj", "{C6A2516C-E549-44BA-B3D7-D8B5A46D0597}"
EndProject
Project("{2150E333-8FDC-42A3-9474-1A3956D46DE8}") = "Repositories", "Repositories", "{79D57BA2-29EF-49C4-9813-ADB34EA84881}"
EndProject
Project("{9A19103F-16F7-4668-BE54-9A1E7A4F7556}") = "Repositories", "Repositories\Repositories.csproj", "{DC63A662-DAE2-49C2-B6C0-DBF5349E610E}"
EndProject
Project("{2150E333-8FDC-42A3-9474-1A3956D46DE8}") = "Authentication", "Authentication", "{DE9EE573-C0E5-4391-A6D2-D8F6CC40ECE6}"
EndProject
Project("{9A19103F-16F7-4668-BE54-9A1E7A4F7556}") = "RequestHelpers", "RequestHelpers\RequestHelpers.csproj", "{490DC46B-FA43-4594-8447-87EC918D0E8B}"
EndProject
Project("{9A19103F-16F7-4668-BE54-9A1E7A4F7556}") = "ResponseHelpers", "ResponseHelpers\ResponseHelpers.csproj", "{F4A07D3A-C7BF-4AC5-BA98-C1530289B093}"
EndProject
Project("{9A19103F-16F7-4668-BE54-9A1E7A4F7556}") = "IdentityManager", "IdentityManager\IdentityManager.csproj", "{D6BD072B-A0E9-446A-B369-4AB3901F0F2C}"
EndProject
Project("{9A19103F-16F7-4668-BE54-9A1E7A4F7556}") = "IdentityStore", "IdentityStore\IdentityStore.csproj", "{F9CAF176-77FC-49BE-8F57-6917FA856C53}"
EndProject
Project("{9A19103F-16F7-4668-BE54-9A1E7A4F7556}") = "Authorization", "Authorization\Authorization.csproj", "{D6933B25-0ADC-40CD-91D5-3B045AB2CB32}"
EndProject
Project("{FAE04EC0-301F-11D3-BF4B-00C04F79EFBC}") = "API", "API\API.csproj", "{4E131F3F-7B90-42F4-89AD-20B5713B017F}"
EndProject
Global
	GlobalSection(SolutionConfigurationPlatforms) = preSolution
		Debug|Any CPU = Debug|Any CPU
		Release|Any CPU = Release|Any CPU
	EndGlobalSection
	GlobalSection(ProjectConfigurationPlatforms) = postSolution
		{1798D472-C281-4B5E-A633-1F12986FBFD1}.Debug|Any CPU.ActiveCfg = Debug|Any CPU
		{1798D472-C281-4B5E-A633-1F12986FBFD1}.Debug|Any CPU.Build.0 = Debug|Any CPU
		{1798D472-C281-4B5E-A633-1F12986FBFD1}.Release|Any CPU.ActiveCfg = Release|Any CPU
		{1798D472-C281-4B5E-A633-1F12986FBFD1}.Release|Any CPU.Build.0 = Release|Any CPU
		{95FF1CF9-C580-495F-B1F2-B286550B780B}.Debug|Any CPU.ActiveCfg = Debug|Any CPU
		{95FF1CF9-C580-495F-B1F2-B286550B780B}.Debug|Any CPU.Build.0 = Debug|Any CPU
		{95FF1CF9-C580-495F-B1F2-B286550B780B}.Release|Any CPU.ActiveCfg = Release|Any CPU
		{95FF1CF9-C580-495F-B1F2-B286550B780B}.Release|Any CPU.Build.0 = Release|Any CPU
		{30411E69-97A0-4618-B613-0393E0368CE6}.Debug|Any CPU.ActiveCfg = Debug|Any CPU
		{30411E69-97A0-4618-B613-0393E0368CE6}.Debug|Any CPU.Build.0 = Debug|Any CPU
		{30411E69-97A0-4618-B613-0393E0368CE6}.Release|Any CPU.ActiveCfg = Release|Any CPU
		{30411E69-97A0-4618-B613-0393E0368CE6}.Release|Any CPU.Build.0 = Release|Any CPU
		{83DC83D6-7E94-4716-803B-416614BC5F85}.Debug|Any CPU.ActiveCfg = Debug|Any CPU
		{83DC83D6-7E94-4716-803B-416614BC5F85}.Debug|Any CPU.Build.0 = Debug|Any CPU
		{83DC83D6-7E94-4716-803B-416614BC5F85}.Release|Any CPU.ActiveCfg = Release|Any CPU
		{83DC83D6-7E94-4716-803B-416614BC5F85}.Release|Any CPU.Build.0 = Release|Any CPU
		{F872D238-2E51-4F5C-9E9B-B72FC28096B0}.Debug|Any CPU.ActiveCfg = Debug|Any CPU
		{F872D238-2E51-4F5C-9E9B-B72FC28096B0}.Debug|Any CPU.Build.0 = Debug|Any CPU
		{F872D238-2E51-4F5C-9E9B-B72FC28096B0}.Release|Any CPU.ActiveCfg = Release|Any CPU
		{F872D238-2E51-4F5C-9E9B-B72FC28096B0}.Release|Any CPU.Build.0 = Release|Any CPU
		{B1520121-C2B9-4D44-865A-47991E85C505}.Debug|Any CPU.ActiveCfg = Debug|Any CPU
		{B1520121-C2B9-4D44-865A-47991E85C505}.Debug|Any CPU.Build.0 = Debug|Any CPU
		{B1520121-C2B9-4D44-865A-47991E85C505}.Release|Any CPU.ActiveCfg = Release|Any CPU
		{B1520121-C2B9-4D44-865A-47991E85C505}.Release|Any CPU.Build.0 = Release|Any CPU
		{E3ADFA5D-6A1F-49D4-8E35-57E599B6D18C}.Debug|Any CPU.ActiveCfg = Debug|Any CPU
		{E3ADFA5D-6A1F-49D4-8E35-57E599B6D18C}.Debug|Any CPU.Build.0 = Debug|Any CPU
		{E3ADFA5D-6A1F-49D4-8E35-57E599B6D18C}.Release|Any CPU.ActiveCfg = Release|Any CPU
		{E3ADFA5D-6A1F-49D4-8E35-57E599B6D18C}.Release|Any CPU.Build.0 = Release|Any CPU
		{C6A2516C-E549-44BA-B3D7-D8B5A46D0597}.Debug|Any CPU.ActiveCfg = Debug|Any CPU
		{C6A2516C-E549-44BA-B3D7-D8B5A46D0597}.Debug|Any CPU.Build.0 = Debug|Any CPU
		{C6A2516C-E549-44BA-B3D7-D8B5A46D0597}.Release|Any CPU.ActiveCfg = Release|Any CPU
		{C6A2516C-E549-44BA-B3D7-D8B5A46D0597}.Release|Any CPU.Build.0 = Release|Any CPU
		{DC63A662-DAE2-49C2-B6C0-DBF5349E610E}.Debug|Any CPU.ActiveCfg = Debug|Any CPU
		{DC63A662-DAE2-49C2-B6C0-DBF5349E610E}.Debug|Any CPU.Build.0 = Debug|Any CPU
		{DC63A662-DAE2-49C2-B6C0-DBF5349E610E}.Release|Any CPU.ActiveCfg = Release|Any CPU
		{DC63A662-DAE2-49C2-B6C0-DBF5349E610E}.Release|Any CPU.Build.0 = Release|Any CPU
		{490DC46B-FA43-4594-8447-87EC918D0E8B}.Debug|Any CPU.ActiveCfg = Debug|Any CPU
		{490DC46B-FA43-4594-8447-87EC918D0E8B}.Debug|Any CPU.Build.0 = Debug|Any CPU
		{490DC46B-FA43-4594-8447-87EC918D0E8B}.Release|Any CPU.ActiveCfg = Release|Any CPU
		{490DC46B-FA43-4594-8447-87EC918D0E8B}.Release|Any CPU.Build.0 = Release|Any CPU
		{F4A07D3A-C7BF-4AC5-BA98-C1530289B093}.Debug|Any CPU.ActiveCfg = Debug|Any CPU
		{F4A07D3A-C7BF-4AC5-BA98-C1530289B093}.Debug|Any CPU.Build.0 = Debug|Any CPU
		{F4A07D3A-C7BF-4AC5-BA98-C1530289B093}.Release|Any CPU.ActiveCfg = Release|Any CPU
		{F4A07D3A-C7BF-4AC5-BA98-C1530289B093}.Release|Any CPU.Build.0 = Release|Any CPU
		{D6BD072B-A0E9-446A-B369-4AB3901F0F2C}.Debug|Any CPU.ActiveCfg = Debug|Any CPU
		{D6BD072B-A0E9-446A-B369-4AB3901F0F2C}.Debug|Any CPU.Build.0 = Debug|Any CPU
		{D6BD072B-A0E9-446A-B369-4AB3901F0F2C}.Release|Any CPU.ActiveCfg = Release|Any CPU
		{D6BD072B-A0E9-446A-B369-4AB3901F0F2C}.Release|Any CPU.Build.0 = Release|Any CPU
		{F9CAF176-77FC-49BE-8F57-6917FA856C53}.Debug|Any CPU.ActiveCfg = Debug|Any CPU
		{F9CAF176-77FC-49BE-8F57-6917FA856C53}.Debug|Any CPU.Build.0 = Debug|Any CPU
		{F9CAF176-77FC-49BE-8F57-6917FA856C53}.Release|Any CPU.ActiveCfg = Release|Any CPU
		{F9CAF176-77FC-49BE-8F57-6917FA856C53}.Release|Any CPU.Build.0 = Release|Any CPU
		{D6933B25-0ADC-40CD-91D5-3B045AB2CB32}.Debug|Any CPU.ActiveCfg = Debug|Any CPU
		{D6933B25-0ADC-40CD-91D5-3B045AB2CB32}.Debug|Any CPU.Build.0 = Debug|Any CPU
		{D6933B25-0ADC-40CD-91D5-3B045AB2CB32}.Release|Any CPU.ActiveCfg = Release|Any CPU
		{D6933B25-0ADC-40CD-91D5-3B045AB2CB32}.Release|Any CPU.Build.0 = Release|Any CPU
		{4E131F3F-7B90-42F4-89AD-20B5713B017F}.Debug|Any CPU.ActiveCfg = Debug|Any CPU
		{4E131F3F-7B90-42F4-89AD-20B5713B017F}.Debug|Any CPU.Build.0 = Debug|Any CPU
		{4E131F3F-7B90-42F4-89AD-20B5713B017F}.Release|Any CPU.ActiveCfg = Release|Any CPU
		{4E131F3F-7B90-42F4-89AD-20B5713B017F}.Release|Any CPU.Build.0 = Release|Any CPU
	EndGlobalSection
	GlobalSection(SolutionProperties) = preSolution
		HideSolutionNode = FALSE
	EndGlobalSection
	GlobalSection(NestedProjects) = preSolution
		{95FF1CF9-C580-495F-B1F2-B286550B780B} = {250182D3-1BCE-4077-93F5-4C12745DA06A}
		{30411E69-97A0-4618-B613-0393E0368CE6} = {F3BD1545-1FD4-45C0-9ACA-B05631E98F10}
		{83DC83D6-7E94-4716-803B-416614BC5F85} = {F3BD1545-1FD4-45C0-9ACA-B05631E98F10}
		{F872D238-2E51-4F5C-9E9B-B72FC28096B0} = {F3BD1545-1FD4-45C0-9ACA-B05631E98F10}
		{B1520121-C2B9-4D44-865A-47991E85C505} = {F3BD1545-1FD4-45C0-9ACA-B05631E98F10}
		{E3ADFA5D-6A1F-49D4-8E35-57E599B6D18C} = {F3BD1545-1FD4-45C0-9ACA-B05631E98F10}
		{C6A2516C-E549-44BA-B3D7-D8B5A46D0597} = {F3BD1545-1FD4-45C0-9ACA-B05631E98F10}
		{DC63A662-DAE2-49C2-B6C0-DBF5349E610E} = {79D57BA2-29EF-49C4-9813-ADB34EA84881}
		{490DC46B-FA43-4594-8447-87EC918D0E8B} = {F3BD1545-1FD4-45C0-9ACA-B05631E98F10}
		{F4A07D3A-C7BF-4AC5-BA98-C1530289B093} = {F3BD1545-1FD4-45C0-9ACA-B05631E98F10}
		{D6BD072B-A0E9-446A-B369-4AB3901F0F2C} = {DE9EE573-C0E5-4391-A6D2-D8F6CC40ECE6}
		{F9CAF176-77FC-49BE-8F57-6917FA856C53} = {DE9EE573-C0E5-4391-A6D2-D8F6CC40ECE6}
		{D6933B25-0ADC-40CD-91D5-3B045AB2CB32} = {F3BD1545-1FD4-45C0-9ACA-B05631E98F10}
	EndGlobalSection
	GlobalSection(ExtensibilityGlobals) = postSolution
		SolutionGuid = {FBA876E2-0048-48BB-A3F1-ED704E005C21}
	EndGlobalSection
EndGlobal
